
Microsoft Visual Studio Solution File, Format Version 12.00
# Visual Studio Version 17
VisualStudioVersion = 17.2.32630.192
MinimumVisualStudioVersion = 10.0.40219.1
Project("{2150E333-8FDC-42A3-9474-1A3956D46DE8}") = "FrontEnd", "FrontEnd", "{CD43A6FD-3DA3-414E-8B42-D1D72632A39A}"
EndProject
Project("{9A19103F-16F7-4668-BE54-9A1E7A4F7556}") = "Mango.Web", "Mango.Web\Mango.Web.csproj", "{E1522DE4-9594-48B7-B234-9054CF6910B5}"
EndProject
Project("{2150E333-8FDC-42A3-9474-1A3956D46DE8}") = "Services", "Services", "{DE0BC992-49E4-40BF-997B-927AE8A24C89}"
EndProject
Project("{9A19103F-16F7-4668-BE54-9A1E7A4F7556}") = "Services.ProductAPI", "Mango.Services.ProductAPI\Services.ProductAPI.csproj", "{79D3CAA9-1090-4894-87A1-6E1AABF7D644}"
EndProject
Project("{9A19103F-16F7-4668-BE54-9A1E7A4F7556}") = "Services.Identity", "Mango.Services.Identity\Services.Identity.csproj", "{6F3A7716-9CAE-4A60-B6A2-BC949C05DD6E}"
EndProject
Project("{9A19103F-16F7-4668-BE54-9A1E7A4F7556}") = "Services.ShoppingCartAPI", "Services.ShoppingCartAPI\Services.ShoppingCartAPI.csproj", "{67F0B408-D648-47AE-9755-13E2D38073BF}"
EndProject
Project("{9A19103F-16F7-4668-BE54-9A1E7A4F7556}") = "Services.CouponAPI", "Services.CouponAPI\Services.CouponAPI.csproj", "{BA97E8D4-9737-4A42-96BB-B960154C17B4}"
EndProject
Project("{9A19103F-16F7-4668-BE54-9A1E7A4F7556}") = "Service.ApiGateway", "Service.ApiGateway\Service.ApiGateway.csproj", "{7889B1BC-62D4-42A0-B601-2CFE0C7E507F}"
EndProject
Global
	GlobalSection(SolutionConfigurationPlatforms) = preSolution
		Debug|Any CPU = Debug|Any CPU
		Release|Any CPU = Release|Any CPU
	EndGlobalSection
	GlobalSection(ProjectConfigurationPlatforms) = postSolution
		{E1522DE4-9594-48B7-B234-9054CF6910B5}.Debug|Any CPU.ActiveCfg = Debug|Any CPU
		{E1522DE4-9594-48B7-B234-9054CF6910B5}.Debug|Any CPU.Build.0 = Debug|Any CPU
		{E1522DE4-9594-48B7-B234-9054CF6910B5}.Release|Any CPU.ActiveCfg = Release|Any CPU
		{E1522DE4-9594-48B7-B234-9054CF6910B5}.Release|Any CPU.Build.0 = Release|Any CPU
		{79D3CAA9-1090-4894-87A1-6E1AABF7D644}.Debug|Any CPU.ActiveCfg = Debug|Any CPU
		{79D3CAA9-1090-4894-87A1-6E1AABF7D644}.Debug|Any CPU.Build.0 = Debug|Any CPU
		{79D3CAA9-1090-4894-87A1-6E1AABF7D644}.Release|Any CPU.ActiveCfg = Release|Any CPU
		{79D3CAA9-1090-4894-87A1-6E1AABF7D644}.Release|Any CPU.Build.0 = Release|Any CPU
		{6F3A7716-9CAE-4A60-B6A2-BC949C05DD6E}.Debug|Any CPU.ActiveCfg = Debug|Any CPU
		{6F3A7716-9CAE-4A60-B6A2-BC949C05DD6E}.Debug|Any CPU.Build.0 = Debug|Any CPU
		{6F3A7716-9CAE-4A60-B6A2-BC949C05DD6E}.Release|Any CPU.ActiveCfg = Release|Any CPU
		{6F3A7716-9CAE-4A60-B6A2-BC949C05DD6E}.Release|Any CPU.Build.0 = Release|Any CPU
		{67F0B408-D648-47AE-9755-13E2D38073BF}.Debug|Any CPU.ActiveCfg = Debug|Any CPU
		{67F0B408-D648-47AE-9755-13E2D38073BF}.Debug|Any CPU.Build.0 = Debug|Any CPU
		{67F0B408-D648-47AE-9755-13E2D38073BF}.Release|Any CPU.ActiveCfg = Release|Any CPU
		{67F0B408-D648-47AE-9755-13E2D38073BF}.Release|Any CPU.Build.0 = Release|Any CPU
		{BA97E8D4-9737-4A42-96BB-B960154C17B4}.Debug|Any CPU.ActiveCfg = Debug|Any CPU
		{BA97E8D4-9737-4A42-96BB-B960154C17B4}.Debug|Any CPU.Build.0 = Debug|Any CPU
		{BA97E8D4-9737-4A42-96BB-B960154C17B4}.Release|Any CPU.ActiveCfg = Release|Any CPU
		{BA97E8D4-9737-4A42-96BB-B960154C17B4}.Release|Any CPU.Build.0 = Release|Any CPU
		{7889B1BC-62D4-42A0-B601-2CFE0C7E507F}.Debug|Any CPU.ActiveCfg = Debug|Any CPU
		{7889B1BC-62D4-42A0-B601-2CFE0C7E507F}.Debug|Any CPU.Build.0 = Debug|Any CPU
		{7889B1BC-62D4-42A0-B601-2CFE0C7E507F}.Release|Any CPU.ActiveCfg = Release|Any CPU
		{7889B1BC-62D4-42A0-B601-2CFE0C7E507F}.Release|Any CPU.Build.0 = Release|Any CPU
	EndGlobalSection
	GlobalSection(SolutionProperties) = preSolution
		HideSolutionNode = FALSE
	EndGlobalSection
	GlobalSection(NestedProjects) = preSolution
		{E1522DE4-9594-48B7-B234-9054CF6910B5} = {CD43A6FD-3DA3-414E-8B42-D1D72632A39A}
		{79D3CAA9-1090-4894-87A1-6E1AABF7D644} = {DE0BC992-49E4-40BF-997B-927AE8A24C89}
		{6F3A7716-9CAE-4A60-B6A2-BC949C05DD6E} = {DE0BC992-49E4-40BF-997B-927AE8A24C89}
		{67F0B408-D648-47AE-9755-13E2D38073BF} = {DE0BC992-49E4-40BF-997B-927AE8A24C89}
		{BA97E8D4-9737-4A42-96BB-B960154C17B4} = {DE0BC992-49E4-40BF-997B-927AE8A24C89}
		{7889B1BC-62D4-42A0-B601-2CFE0C7E507F} = {DE0BC992-49E4-40BF-997B-927AE8A24C89}
	EndGlobalSection
	GlobalSection(ExtensibilityGlobals) = postSolution
		SolutionGuid = {9DA1D937-482B-4071-A30F-1DD5DEABC52E}
	EndGlobalSection
EndGlobal
