
Microsoft Visual Studio Solution File, Format Version 12.00
# Visual Studio Version 17
VisualStudioVersion = 17.2.32630.192
MinimumVisualStudioVersion = 10.0.40219.1
Project("{2150E333-8FDC-42A3-9474-1A3956D46DE8}") = "01. FrontEnd", "01. FrontEnd", "{6837F33E-B8DC-422F-A8EA-0D43A4FB04DA}"
EndProject
Project("{2150E333-8FDC-42A3-9474-1A3956D46DE8}") = "02. ApiGateway", "02. ApiGateway", "{27FCC423-FCF0-4054-954E-7452FF4CBD9F}"
EndProject
Project("{2150E333-8FDC-42A3-9474-1A3956D46DE8}") = "03. Services", "03. Services", "{202C3909-3509-421A-8E33-F20EC345AEE3}"
EndProject
Project("{2150E333-8FDC-42A3-9474-1A3956D46DE8}") = "Common", "Common", "{8E5DE52B-E9E0-404A-B408-A3D3C62358B0}"
EndProject
Project("{9A19103F-16F7-4668-BE54-9A1E7A4F7556}") = "ServicesCommon", "ServicesCommon\ServicesCommon.csproj", "{876509C6-8CCE-4CAF-9368-65AC085317D4}"
EndProject
Project("{2150E333-8FDC-42A3-9474-1A3956D46DE8}") = "01 Category", "01 Category", "{6A8EBC72-0839-4061-A3BC-9826B60E4CEA}"
EndProject
Project("{2150E333-8FDC-42A3-9474-1A3956D46DE8}") = "04. Models", "04. Models", "{5367C6F0-EC6E-43B7-A69B-5A14C7103F4F}"
EndProject
Project("{9A19103F-16F7-4668-BE54-9A1E7A4F7556}") = "ServicesCategory.Models.Domain", "ServicesCategory.Models.Domain\ServicesCategory.Models.Domain.csproj", "{7A96DB77-1111-48D9-BB40-DCCABA897B95}"
EndProject
Project("{2150E333-8FDC-42A3-9474-1A3956D46DE8}") = "03. DataAccess", "03. DataAccess", "{2402648B-4B10-4BBB-9285-4973B4D00270}"
EndProject
Project("{9A19103F-16F7-4668-BE54-9A1E7A4F7556}") = "WebApp", "WebApp\WebApp.csproj", "{FA8E37EE-C4CE-4743-9B01-C25024F320D9}"
EndProject
Project("{9A19103F-16F7-4668-BE54-9A1E7A4F7556}") = "ServicesCategory.DataAccess.Data", "ServicesCategory.DataAccess.Data\ServicesCategory.DataAccess.Data.csproj", "{4A0A8DD1-7FF1-499F-9F44-6713BC4B131A}"
EndProject
Project("{2150E333-8FDC-42A3-9474-1A3956D46DE8}") = "02.Business", "02.Business", "{AB740343-FF10-4B2E-9144-4923790B1918}"
EndProject
Project("{2150E333-8FDC-42A3-9474-1A3956D46DE8}") = "01. API", "01. API", "{CA220754-CD02-4007-97F0-46AAF4AD312F}"
EndProject
Project("{9A19103F-16F7-4668-BE54-9A1E7A4F7556}") = "ServicesCategory.API", "ServicesCategory.API\ServicesCategory.API.csproj", "{AE7C51BC-B3D5-4AF9-B6CF-23D8B8F9AD38}"
EndProject
Project("{9A19103F-16F7-4668-BE54-9A1E7A4F7556}") = "ServicesCategory.Business", "ServicesCategory.Business\ServicesCategory.Business.csproj", "{F48B7CCC-82E5-4903-8A9E-E50ACC6C3939}"
EndProject
Project("{9A19103F-16F7-4668-BE54-9A1E7A4F7556}") = "ApiGateway", "ApiGateway\ApiGateway.csproj", "{60DC4C9C-B344-4369-A6F1-B7874A0AC8DE}"
EndProject
Project("{2150E333-8FDC-42A3-9474-1A3956D46DE8}") = "02. Product", "02. Product", "{A285E7F5-68E0-4F9F-AA46-41B901AE957C}"
EndProject
Project("{2150E333-8FDC-42A3-9474-1A3956D46DE8}") = "04. Models", "04. Models", "{860F7010-9C8C-4894-BDF5-CC1E4AA67B1F}"
EndProject
Project("{9A19103F-16F7-4668-BE54-9A1E7A4F7556}") = "ServicesProduct.Models.Domain", "ServicesProduct.Models.Domain\ServicesProduct.Models.Domain.csproj", "{4F32DDD3-CD05-4A54-9F26-0B479300D686}"
EndProject
Project("{2150E333-8FDC-42A3-9474-1A3956D46DE8}") = "03. DataAccess", "03. DataAccess", "{55B82A79-B467-4ED8-A547-FF3D759F08E3}"
EndProject
Project("{9A19103F-16F7-4668-BE54-9A1E7A4F7556}") = "ServicesProduct.DataAccess.Data", "ServicesProduct.DataAccess.Data\ServicesProduct.DataAccess.Data.csproj", "{66C62038-F432-4B5C-86E2-A5BED4985252}"
EndProject
Project("{2150E333-8FDC-42A3-9474-1A3956D46DE8}") = "02. Business", "02. Business", "{6CC0007F-C309-48D2-96EC-D0538AF20214}"
EndProject
Project("{9A19103F-16F7-4668-BE54-9A1E7A4F7556}") = "ServicesProduct.Business", "ServicesProduct.Business\ServicesProduct.Business.csproj", "{E506CA6F-4FB7-4826-B5E8-1527819152FD}"
EndProject
Project("{2150E333-8FDC-42A3-9474-1A3956D46DE8}") = "01. Api", "01. Api", "{8ED52C8C-239F-4B1D-9084-3BE3D6FDCD99}"
EndProject
Project("{9A19103F-16F7-4668-BE54-9A1E7A4F7556}") = "ServicesProduct.API", "ServicesProduct.API\ServicesProduct.API.csproj", "{7CAEED58-EC2E-4BC8-A247-317547CA7712}"
EndProject
Project("{2150E333-8FDC-42A3-9474-1A3956D46DE8}") = "03. IdentityApi", "03. IdentityApi", "{874D14B5-C426-4619-9F75-72310B2B6543}"
EndProject
Project("{2150E333-8FDC-42A3-9474-1A3956D46DE8}") = "01. Api", "01. Api", "{CE0D4D2D-B660-494D-8739-F79C2DF72701}"
EndProject
Project("{2150E333-8FDC-42A3-9474-1A3956D46DE8}") = "02. Business", "02. Business", "{05CC900C-5BCA-4ADC-8D34-6389000745F4}"
EndProject
Project("{2150E333-8FDC-42A3-9474-1A3956D46DE8}") = "03. DataAccess", "03. DataAccess", "{7E63344F-8525-4A6A-BE9B-1F49A0A4D8B8}"
EndProject
Project("{2150E333-8FDC-42A3-9474-1A3956D46DE8}") = "04. Models", "04. Models", "{46C3B0C2-A3A9-4AD1-B164-CE337BB1E584}"
EndProject
Project("{FAE04EC0-301F-11D3-BF4B-00C04F79EFBC}") = "ServicesIdentity.API", "ServicesIdentity.API\ServicesIdentity.API.csproj", "{5250DE23-1D96-4EE9-A37D-D484FBA0C1BD}"
EndProject
Project("{FAE04EC0-301F-11D3-BF4B-00C04F79EFBC}") = "ServiceClient.Business", "ServiceClient.Business\ServiceClient.Business.csproj", "{6F1D29B1-9A25-4150-8E65-ECBD52D82167}"
EndProject
Project("{FAE04EC0-301F-11D3-BF4B-00C04F79EFBC}") = "ServicesIdentity.DataAccess.Data", "ServicesIdentity.DataAccess.Data\ServicesIdentity.DataAccess.Data.csproj", "{5BF21A2B-1B7C-4E78-8A0E-E9E1EF6D2648}"
EndProject
Project("{FAE04EC0-301F-11D3-BF4B-00C04F79EFBC}") = "ServicesIdentity.Models.Domain", "ServicesIdentity.Models.Domain\ServicesIdentity.Models.Domain.csproj", "{B3A6C7B6-79B5-4159-9307-96332CF4D464}"
EndProject
Global
	GlobalSection(SolutionConfigurationPlatforms) = preSolution
		Debug|Any CPU = Debug|Any CPU
		Release|Any CPU = Release|Any CPU
	EndGlobalSection
	GlobalSection(ProjectConfigurationPlatforms) = postSolution
		{876509C6-8CCE-4CAF-9368-65AC085317D4}.Debug|Any CPU.ActiveCfg = Debug|Any CPU
		{876509C6-8CCE-4CAF-9368-65AC085317D4}.Debug|Any CPU.Build.0 = Debug|Any CPU
		{876509C6-8CCE-4CAF-9368-65AC085317D4}.Release|Any CPU.ActiveCfg = Release|Any CPU
		{876509C6-8CCE-4CAF-9368-65AC085317D4}.Release|Any CPU.Build.0 = Release|Any CPU
		{7A96DB77-1111-48D9-BB40-DCCABA897B95}.Debug|Any CPU.ActiveCfg = Debug|Any CPU
		{7A96DB77-1111-48D9-BB40-DCCABA897B95}.Debug|Any CPU.Build.0 = Debug|Any CPU
		{7A96DB77-1111-48D9-BB40-DCCABA897B95}.Release|Any CPU.ActiveCfg = Release|Any CPU
		{7A96DB77-1111-48D9-BB40-DCCABA897B95}.Release|Any CPU.Build.0 = Release|Any CPU
		{FA8E37EE-C4CE-4743-9B01-C25024F320D9}.Debug|Any CPU.ActiveCfg = Debug|Any CPU
		{FA8E37EE-C4CE-4743-9B01-C25024F320D9}.Debug|Any CPU.Build.0 = Debug|Any CPU
		{FA8E37EE-C4CE-4743-9B01-C25024F320D9}.Release|Any CPU.ActiveCfg = Release|Any CPU
		{FA8E37EE-C4CE-4743-9B01-C25024F320D9}.Release|Any CPU.Build.0 = Release|Any CPU
		{4A0A8DD1-7FF1-499F-9F44-6713BC4B131A}.Debug|Any CPU.ActiveCfg = Debug|Any CPU
		{4A0A8DD1-7FF1-499F-9F44-6713BC4B131A}.Debug|Any CPU.Build.0 = Debug|Any CPU
		{4A0A8DD1-7FF1-499F-9F44-6713BC4B131A}.Release|Any CPU.ActiveCfg = Release|Any CPU
		{4A0A8DD1-7FF1-499F-9F44-6713BC4B131A}.Release|Any CPU.Build.0 = Release|Any CPU
		{AE7C51BC-B3D5-4AF9-B6CF-23D8B8F9AD38}.Debug|Any CPU.ActiveCfg = Debug|Any CPU
		{AE7C51BC-B3D5-4AF9-B6CF-23D8B8F9AD38}.Debug|Any CPU.Build.0 = Debug|Any CPU
		{AE7C51BC-B3D5-4AF9-B6CF-23D8B8F9AD38}.Release|Any CPU.ActiveCfg = Release|Any CPU
		{AE7C51BC-B3D5-4AF9-B6CF-23D8B8F9AD38}.Release|Any CPU.Build.0 = Release|Any CPU
		{F48B7CCC-82E5-4903-8A9E-E50ACC6C3939}.Debug|Any CPU.ActiveCfg = Debug|Any CPU
		{F48B7CCC-82E5-4903-8A9E-E50ACC6C3939}.Debug|Any CPU.Build.0 = Debug|Any CPU
		{F48B7CCC-82E5-4903-8A9E-E50ACC6C3939}.Release|Any CPU.ActiveCfg = Release|Any CPU
		{F48B7CCC-82E5-4903-8A9E-E50ACC6C3939}.Release|Any CPU.Build.0 = Release|Any CPU
		{60DC4C9C-B344-4369-A6F1-B7874A0AC8DE}.Debug|Any CPU.ActiveCfg = Debug|Any CPU
		{60DC4C9C-B344-4369-A6F1-B7874A0AC8DE}.Debug|Any CPU.Build.0 = Debug|Any CPU
		{60DC4C9C-B344-4369-A6F1-B7874A0AC8DE}.Release|Any CPU.ActiveCfg = Release|Any CPU
		{60DC4C9C-B344-4369-A6F1-B7874A0AC8DE}.Release|Any CPU.Build.0 = Release|Any CPU
		{4F32DDD3-CD05-4A54-9F26-0B479300D686}.Debug|Any CPU.ActiveCfg = Debug|Any CPU
		{4F32DDD3-CD05-4A54-9F26-0B479300D686}.Debug|Any CPU.Build.0 = Debug|Any CPU
		{4F32DDD3-CD05-4A54-9F26-0B479300D686}.Release|Any CPU.ActiveCfg = Release|Any CPU
		{4F32DDD3-CD05-4A54-9F26-0B479300D686}.Release|Any CPU.Build.0 = Release|Any CPU
		{66C62038-F432-4B5C-86E2-A5BED4985252}.Debug|Any CPU.ActiveCfg = Debug|Any CPU
		{66C62038-F432-4B5C-86E2-A5BED4985252}.Debug|Any CPU.Build.0 = Debug|Any CPU
		{66C62038-F432-4B5C-86E2-A5BED4985252}.Release|Any CPU.ActiveCfg = Release|Any CPU
		{66C62038-F432-4B5C-86E2-A5BED4985252}.Release|Any CPU.Build.0 = Release|Any CPU
		{E506CA6F-4FB7-4826-B5E8-1527819152FD}.Debug|Any CPU.ActiveCfg = Debug|Any CPU
		{E506CA6F-4FB7-4826-B5E8-1527819152FD}.Debug|Any CPU.Build.0 = Debug|Any CPU
		{E506CA6F-4FB7-4826-B5E8-1527819152FD}.Release|Any CPU.ActiveCfg = Release|Any CPU
		{E506CA6F-4FB7-4826-B5E8-1527819152FD}.Release|Any CPU.Build.0 = Release|Any CPU
		{7CAEED58-EC2E-4BC8-A247-317547CA7712}.Debug|Any CPU.ActiveCfg = Debug|Any CPU
		{7CAEED58-EC2E-4BC8-A247-317547CA7712}.Debug|Any CPU.Build.0 = Debug|Any CPU
		{7CAEED58-EC2E-4BC8-A247-317547CA7712}.Release|Any CPU.ActiveCfg = Release|Any CPU
		{7CAEED58-EC2E-4BC8-A247-317547CA7712}.Release|Any CPU.Build.0 = Release|Any CPU
		{5250DE23-1D96-4EE9-A37D-D484FBA0C1BD}.Debug|Any CPU.ActiveCfg = Debug|Any CPU
		{5250DE23-1D96-4EE9-A37D-D484FBA0C1BD}.Debug|Any CPU.Build.0 = Debug|Any CPU
		{5250DE23-1D96-4EE9-A37D-D484FBA0C1BD}.Release|Any CPU.ActiveCfg = Release|Any CPU
		{5250DE23-1D96-4EE9-A37D-D484FBA0C1BD}.Release|Any CPU.Build.0 = Release|Any CPU
		{6F1D29B1-9A25-4150-8E65-ECBD52D82167}.Debug|Any CPU.ActiveCfg = Debug|Any CPU
		{6F1D29B1-9A25-4150-8E65-ECBD52D82167}.Debug|Any CPU.Build.0 = Debug|Any CPU
		{6F1D29B1-9A25-4150-8E65-ECBD52D82167}.Release|Any CPU.ActiveCfg = Release|Any CPU
		{6F1D29B1-9A25-4150-8E65-ECBD52D82167}.Release|Any CPU.Build.0 = Release|Any CPU
		{5BF21A2B-1B7C-4E78-8A0E-E9E1EF6D2648}.Debug|Any CPU.ActiveCfg = Debug|Any CPU
		{5BF21A2B-1B7C-4E78-8A0E-E9E1EF6D2648}.Debug|Any CPU.Build.0 = Debug|Any CPU
		{5BF21A2B-1B7C-4E78-8A0E-E9E1EF6D2648}.Release|Any CPU.ActiveCfg = Release|Any CPU
		{5BF21A2B-1B7C-4E78-8A0E-E9E1EF6D2648}.Release|Any CPU.Build.0 = Release|Any CPU
		{B3A6C7B6-79B5-4159-9307-96332CF4D464}.Debug|Any CPU.ActiveCfg = Debug|Any CPU
		{B3A6C7B6-79B5-4159-9307-96332CF4D464}.Debug|Any CPU.Build.0 = Debug|Any CPU
		{B3A6C7B6-79B5-4159-9307-96332CF4D464}.Release|Any CPU.ActiveCfg = Release|Any CPU
		{B3A6C7B6-79B5-4159-9307-96332CF4D464}.Release|Any CPU.Build.0 = Release|Any CPU
	EndGlobalSection
	GlobalSection(SolutionProperties) = preSolution
		HideSolutionNode = FALSE
	EndGlobalSection
	GlobalSection(NestedProjects) = preSolution
		{8E5DE52B-E9E0-404A-B408-A3D3C62358B0} = {202C3909-3509-421A-8E33-F20EC345AEE3}
		{876509C6-8CCE-4CAF-9368-65AC085317D4} = {8E5DE52B-E9E0-404A-B408-A3D3C62358B0}
		{6A8EBC72-0839-4061-A3BC-9826B60E4CEA} = {202C3909-3509-421A-8E33-F20EC345AEE3}
		{5367C6F0-EC6E-43B7-A69B-5A14C7103F4F} = {6A8EBC72-0839-4061-A3BC-9826B60E4CEA}
		{7A96DB77-1111-48D9-BB40-DCCABA897B95} = {5367C6F0-EC6E-43B7-A69B-5A14C7103F4F}
		{2402648B-4B10-4BBB-9285-4973B4D00270} = {6A8EBC72-0839-4061-A3BC-9826B60E4CEA}
		{FA8E37EE-C4CE-4743-9B01-C25024F320D9} = {6837F33E-B8DC-422F-A8EA-0D43A4FB04DA}
		{4A0A8DD1-7FF1-499F-9F44-6713BC4B131A} = {2402648B-4B10-4BBB-9285-4973B4D00270}
		{AB740343-FF10-4B2E-9144-4923790B1918} = {6A8EBC72-0839-4061-A3BC-9826B60E4CEA}
		{CA220754-CD02-4007-97F0-46AAF4AD312F} = {6A8EBC72-0839-4061-A3BC-9826B60E4CEA}
		{AE7C51BC-B3D5-4AF9-B6CF-23D8B8F9AD38} = {CA220754-CD02-4007-97F0-46AAF4AD312F}
		{F48B7CCC-82E5-4903-8A9E-E50ACC6C3939} = {AB740343-FF10-4B2E-9144-4923790B1918}
		{60DC4C9C-B344-4369-A6F1-B7874A0AC8DE} = {27FCC423-FCF0-4054-954E-7452FF4CBD9F}
		{A285E7F5-68E0-4F9F-AA46-41B901AE957C} = {202C3909-3509-421A-8E33-F20EC345AEE3}
		{860F7010-9C8C-4894-BDF5-CC1E4AA67B1F} = {A285E7F5-68E0-4F9F-AA46-41B901AE957C}
		{4F32DDD3-CD05-4A54-9F26-0B479300D686} = {860F7010-9C8C-4894-BDF5-CC1E4AA67B1F}
		{55B82A79-B467-4ED8-A547-FF3D759F08E3} = {A285E7F5-68E0-4F9F-AA46-41B901AE957C}
		{66C62038-F432-4B5C-86E2-A5BED4985252} = {55B82A79-B467-4ED8-A547-FF3D759F08E3}
		{6CC0007F-C309-48D2-96EC-D0538AF20214} = {A285E7F5-68E0-4F9F-AA46-41B901AE957C}
		{E506CA6F-4FB7-4826-B5E8-1527819152FD} = {6CC0007F-C309-48D2-96EC-D0538AF20214}
		{8ED52C8C-239F-4B1D-9084-3BE3D6FDCD99} = {A285E7F5-68E0-4F9F-AA46-41B901AE957C}
		{7CAEED58-EC2E-4BC8-A247-317547CA7712} = {8ED52C8C-239F-4B1D-9084-3BE3D6FDCD99}
		{874D14B5-C426-4619-9F75-72310B2B6543} = {202C3909-3509-421A-8E33-F20EC345AEE3}
		{CE0D4D2D-B660-494D-8739-F79C2DF72701} = {874D14B5-C426-4619-9F75-72310B2B6543}
		{05CC900C-5BCA-4ADC-8D34-6389000745F4} = {874D14B5-C426-4619-9F75-72310B2B6543}
		{7E63344F-8525-4A6A-BE9B-1F49A0A4D8B8} = {874D14B5-C426-4619-9F75-72310B2B6543}
		{46C3B0C2-A3A9-4AD1-B164-CE337BB1E584} = {874D14B5-C426-4619-9F75-72310B2B6543}
		{5250DE23-1D96-4EE9-A37D-D484FBA0C1BD} = {CE0D4D2D-B660-494D-8739-F79C2DF72701}
		{6F1D29B1-9A25-4150-8E65-ECBD52D82167} = {05CC900C-5BCA-4ADC-8D34-6389000745F4}
		{5BF21A2B-1B7C-4E78-8A0E-E9E1EF6D2648} = {7E63344F-8525-4A6A-BE9B-1F49A0A4D8B8}
		{B3A6C7B6-79B5-4159-9307-96332CF4D464} = {46C3B0C2-A3A9-4AD1-B164-CE337BB1E584}
	EndGlobalSection
	GlobalSection(ExtensibilityGlobals) = postSolution
		SolutionGuid = {617999FD-E224-4265-B680-1F5D5D49C98D}
	EndGlobalSection
EndGlobal
